
Microsoft Visual Studio Solution File, Format Version 12.00
# Visual Studio Version 16
VisualStudioVersion = 16.0.30523.141
MinimumVisualStudioVersion = 10.0.40219.1
Project("{9A19103F-16F7-4668-BE54-9A1E7A4F7556}") = "NflStats", "NflStats.csproj", "{81558E75-8982-477A-B6FE-CF5B08F850E9}"
EndProject
Project("{9A19103F-16F7-4668-BE54-9A1E7A4F7556}") = "NflStatsTests", "..\NflStatsTests\NflStatsTests.csproj", "{EE5431EE-E48B-4A1B-8696-62FA4490E39D}"
EndProject
Project("{E53339B2-1760-4266-BCC7-CA923CBCF16C}") = "docker-compose", "docker-compose.dcproj", "{76A6944C-06B6-4C9F-885B-F44B7D1D7871}"
EndProject
Global
	GlobalSection(SolutionConfigurationPlatforms) = preSolution
		Debug|Any CPU = Debug|Any CPU
		Release|Any CPU = Release|Any CPU
	EndGlobalSection
	GlobalSection(ProjectConfigurationPlatforms) = postSolution
		{81558E75-8982-477A-B6FE-CF5B08F850E9}.Debug|Any CPU.ActiveCfg = Debug|Any CPU
		{81558E75-8982-477A-B6FE-CF5B08F850E9}.Debug|Any CPU.Build.0 = Debug|Any CPU
		{81558E75-8982-477A-B6FE-CF5B08F850E9}.Release|Any CPU.ActiveCfg = Release|Any CPU
		{81558E75-8982-477A-B6FE-CF5B08F850E9}.Release|Any CPU.Build.0 = Release|Any CPU
		{EE5431EE-E48B-4A1B-8696-62FA4490E39D}.Debug|Any CPU.ActiveCfg = Debug|Any CPU
		{EE5431EE-E48B-4A1B-8696-62FA4490E39D}.Debug|Any CPU.Build.0 = Debug|Any CPU
		{EE5431EE-E48B-4A1B-8696-62FA4490E39D}.Release|Any CPU.ActiveCfg = Release|Any CPU
		{EE5431EE-E48B-4A1B-8696-62FA4490E39D}.Release|Any CPU.Build.0 = Release|Any CPU
		{76A6944C-06B6-4C9F-885B-F44B7D1D7871}.Debug|Any CPU.ActiveCfg = Debug|Any CPU
		{76A6944C-06B6-4C9F-885B-F44B7D1D7871}.Debug|Any CPU.Build.0 = Debug|Any CPU
		{76A6944C-06B6-4C9F-885B-F44B7D1D7871}.Release|Any CPU.ActiveCfg = Release|Any CPU
		{76A6944C-06B6-4C9F-885B-F44B7D1D7871}.Release|Any CPU.Build.0 = Release|Any CPU
	EndGlobalSection
	GlobalSection(SolutionProperties) = preSolution
		HideSolutionNode = FALSE
	EndGlobalSection
	GlobalSection(ExtensibilityGlobals) = postSolution
		SolutionGuid = {A0AF63DF-EE24-4497-ADCC-4D70F06766D5}
	EndGlobalSection
EndGlobal
